
Microsoft Visual Studio Solution File, Format Version 12.00
# Visual Studio Version 17
VisualStudioVersion = 17.14.36301.6 d17.14
MinimumVisualStudioVersion = 10.0.40219.1
Project("{FAE04EC0-301F-11D3-BF4B-00C04F79EFBC}") = "VehicleLeasingApp", "VehicleLeasingApp.csproj", "{AA4E0065-83EA-474A-B4B8-E6BE2E1F0962}"
EndProject
Global
	GlobalSection(SolutionConfigurationPlatforms) = preSolution
		Debug|Any CPU = Debug|Any CPU
		Release|Any CPU = Release|Any CPU
	EndGlobalSection
	GlobalSection(ProjectConfigurationPlatforms) = postSolution
		{AA4E0065-83EA-474A-B4B8-E6BE2E1F0962}.Debug|Any CPU.ActiveCfg = Debug|Any CPU
		{AA4E0065-83EA-474A-B4B8-E6BE2E1F0962}.Debug|Any CPU.Build.0 = Debug|Any CPU
		{AA4E0065-83EA-474A-B4B8-E6BE2E1F0962}.Release|Any CPU.ActiveCfg = Release|Any CPU
		{AA4E0065-83EA-474A-B4B8-E6BE2E1F0962}.Release|Any CPU.Build.0 = Release|Any CPU
	EndGlobalSection
	GlobalSection(SolutionProperties) = preSolution
		HideSolutionNode = FALSE
	EndGlobalSection
	GlobalSection(ExtensibilityGlobals) = postSolution
		SolutionGuid = {7C2523B3-C0F8-4229-BC14-2D2DA806ACB8}
	EndGlobalSection
EndGlobal
